<?xml version="1.0" encoding="utf-8"?>
<Project ToolsVersion="4.0" xmlns="http://schemas.microsoft.com/developer/msbuild/2003">
  <ItemGroup>
    <Filter Include="Source Files">
      <UniqueIdentifier>{4FC737F1-C7A5-4376-A066-2A32D752A2FF}</UniqueIdentifier>
      <Extensions>cpp;c;cc;cxx;def;odl;idl;hpj;bat;asm;asmx</Extensions>
    </Filter>
    <Filter Include="Header Files">
      <UniqueIdentifier>{93995380-89BD-4b04-88EB-625FBE52EBFB}</UniqueIdentifier>
      <Extensions>h;hpp;hxx;hm;inl;inc;xsd</Extensions>
    </Filter>
    <Filter Include="Resource Files">
      <UniqueIdentifier>{67DA6AB6-F800-4c08-8B7A-83BB121AAD01}</UniqueIdentifier>
      <Extensions>rc;ico;cur;bmp;dlg;rc2;rct;bin;rgs;gif;jpg;jpeg;jpe;resx;tiff;tif;png;wav;mfcribbon-ms</Extensions>
    </Filter>
  </ItemGroup>
  <ItemGroup>
    <None Include="ReadMe.txt" />
    <None Include="res\file_view.ico">
      <Filter>Resource Files</Filter>
    </None>
    <None Include="res\file_view_hc.ico">
      <Filter>Resource Files</Filter>
    </None>
    <None Include="res\class_view.ico">
      <Filter>Resource Files</Filter>
    </None>
    <None Include="res\class_view_hc.ico">
      <Filter>Resource Files</Filter>
    </None>
    <None Include="res\fileview.bmp">
      <Filter>Resource Files</Filter>
    </None>
    <None Include="res\fileview_hc.bmp">
      <Filter>Resource Files</Filter>
    </None>
    <None Include="res\classview.bmp">
      <Filter>Resource Files</Filter>
    </None>
    <None Include="res\classview_hc.bmp">
      <Filter>Resource Files</Filter>
    </None>
    <None Include="res\explorer.bmp">
      <Filter>Resource Files</Filter>
    </None>
    <None Include="res\explorer_hc.bmp">
      <Filter>Resource Files</Filter>
    </None>
    <None Include="res\sort.bmp">
      <Filter>Resource Files</Filter>
    </None>
    <None Include="res\sort_hc.bmp">
      <Filter>Resource Files</Filter>
    </None>
    <None Include="res\menuimages.bmp">
      <Filter>Resource Files</Filter>
    </None>
    <None Include="res\menuimages_hc.bmp">
      <Filter>Resource Files</Filter>
    </None>
    <None Include="res\output_wnd.ico">
      <Filter>Resource Files</Filter>
    </None>
    <None Include="res\output_wnd_hc.ico">
      <Filter>Resource Files</Filter>
    </None>
    <None Include="res\properties_wnd.ico">
      <Filter>Resource Files</Filter>
    </None>
    <None Include="res\properties_wnd_hc.ico">
      <Filter>Resource Files</Filter>
    </None>
    <None Include="res\properties.bmp">
      <Filter>Resource Files</Filter>
    </None>
    <None Include="res\properties_hc.bmp">
      <Filter>Resource Files</Filter>
    </None>
    <None Include="UserImages.bmp">
      <Filter>Resource Files</Filter>
    </None>
    <None Include="res\StereoMapping.rc2">
      <Filter>Resource Files</Filter>
    </None>
    <None Include="res\StereoMappingDoc.ico">
      <Filter>Resource Files</Filter>
    </None>
    <None Include="res\StereoMapping.ico">
      <Filter>Resource Files</Filter>
    </None>
    <None Include="res\Toolbar.bmp">
      <Filter>Resource Files</Filter>
    </None>
    <None Include="res\Toolbar256.bmp">
      <Filter>Resource Files</Filter>
    </None>
    <None Include="res\toolbar1.bmp">
      <Filter>Resource Files</Filter>
    </None>
  </ItemGroup>
  <ItemGroup>
    <ClInclude Include="StereoMapping.h">
      <Filter>Header Files</Filter>
    </ClInclude>
    <ClInclude Include="stdafx.h">
      <Filter>Header Files</Filter>
    </ClInclude>
    <ClInclude Include="targetver.h">
      <Filter>Header Files</Filter>
    </ClInclude>
    <ClInclude Include="MainFrm.h">
      <Filter>Header Files</Filter>
    </ClInclude>
    <ClInclude Include="ChildFrm.h">
      <Filter>Header Files</Filter>
    </ClInclude>
    <ClInclude Include="StereoMappingDoc.h">
      <Filter>Header Files</Filter>
    </ClInclude>
    <ClInclude Include="StereoMappingView.h">
      <Filter>Header Files</Filter>
    </ClInclude>
    <ClInclude Include="Resource.h">
      <Filter>Header Files</Filter>
    </ClInclude>
    <ClInclude Include="FileView.h">
      <Filter>Header Files</Filter>
    </ClInclude>
    <ClInclude Include="ClassView.h">
      <Filter>Header Files</Filter>
    </ClInclude>
    <ClInclude Include="ViewTree.h">
      <Filter>Header Files</Filter>
    </ClInclude>
    <ClInclude Include="OutputWnd.h">
      <Filter>Header Files</Filter>
    </ClInclude>
    <ClInclude Include="PropertiesWnd.h">
      <Filter>Header Files</Filter>
    </ClInclude>
    <ClInclude Include="MeasureDialog.h">
      <Filter>Header Files</Filter>
    </ClInclude>
    <ClInclude Include="SSplitter.h">
      <Filter>Header Files</Filter>
    </ClInclude>
    <ClInclude Include="StereoView.h">
      <Filter>Header Files</Filter>
    </ClInclude>
    <ClInclude Include="InitSettingDlg.h">
      <Filter>Header Files</Filter>
    </ClInclude>
    <ClInclude Include="charaTrans.h">
      <Filter>Header Files</Filter>
    </ClInclude>
    <ClInclude Include="StereoViewDlg.h">
      <Filter>Header Files</Filter>
    </ClInclude>
    <ClInclude Include="AeriaGeoModel.h">
      <Filter>Header Files</Filter>
    </ClInclude>
    <ClInclude Include="point3.h">
      <Filter>Header Files</Filter>
    </ClInclude>
    <ClInclude Include="IGeoModel.h">
      <Filter>Header Files</Filter>
    </ClInclude>
    <ClInclude Include="dpoint3.h">
      <Filter>Header Files</Filter>
    </ClInclude>
    <ClInclude Include="trig.h">
      <Filter>Header Files</Filter>
    </ClInclude>
    <ClInclude Include="AerialPhotoRender.h">
      <Filter>Header Files</Filter>
    </ClInclude>
    <ClInclude Include="entity.h">
      <Filter>Header Files</Filter>
    </ClInclude>
    <ClInclude Include="polyline.h">
      <Filter>Header Files</Filter>
    </ClInclude>
    <ClInclude Include="arc.h">
      <Filter>Header Files</Filter>
    </ClInclude>
    <ClInclude Include="polygonBuilding.h">
      <Filter>Header Files</Filter>
    </ClInclude>
    <ClInclude Include="circle.h">
      <Filter>Header Files</Filter>
    </ClInclude>
    <ClInclude Include="childDialog.h">
      <Filter>Header Files</Filter>
    </ClInclude>
    <ClInclude Include="PixelViewerView.h">
      <Filter>Header Files</Filter>
    </ClInclude>
    <ClInclude Include="GeoImage.h">
      <Filter>Header Files</Filter>
    </ClInclude>
    <ClInclude Include="arcSing.h">
      <Filter>Header Files</Filter>
    </ClInclude>
    <ClInclude Include="circleSing.h">
      <Filter>Header Files</Filter>
    </ClInclude>
    <ClInclude Include="entitySing.h">
      <Filter>Header Files</Filter>
    </ClInclude>
    <ClInclude Include="polylineSing.h">
      <Filter>Header Files</Filter>
    </ClInclude>
    <ClInclude Include="singleImageView.h">
      <Filter>Header Files</Filter>
    </ClInclude>
    <ClInclude Include="polygon.h">
      <Filter>Header Files</Filter>
    </ClInclude>
    <ClInclude Include="polygonSing.h">
      <Filter>Header Files</Filter>
    </ClInclude>
  </ItemGroup>
  <ItemGroup>
    <ClCompile Include="StereoMapping.cpp">
      <Filter>Source Files</Filter>
    </ClCompile>
    <ClCompile Include="stdafx.cpp">
      <Filter>Source Files</Filter>
    </ClCompile>
    <ClCompile Include="MainFrm.cpp">
      <Filter>Source Files</Filter>
    </ClCompile>
    <ClCompile Include="ChildFrm.cpp">
      <Filter>Source Files</Filter>
    </ClCompile>
    <ClCompile Include="StereoMappingDoc.cpp">
      <Filter>Source Files</Filter>
    </ClCompile>
    <ClCompile Include="StereoMappingView.cpp">
      <Filter>Source Files</Filter>
    </ClCompile>
    <ClCompile Include="FileView.cpp">
      <Filter>Source Files</Filter>
    </ClCompile>
    <ClCompile Include="ClassView.cpp">
      <Filter>Source Files</Filter>
    </ClCompile>
    <ClCompile Include="ViewTree.cpp">
      <Filter>Source Files</Filter>
    </ClCompile>
    <ClCompile Include="OutputWnd.cpp">
      <Filter>Source Files</Filter>
    </ClCompile>
    <ClCompile Include="PropertiesWnd.cpp">
      <Filter>Source Files</Filter>
    </ClCompile>
    <ClCompile Include="MeasureDialog.cpp">
      <Filter>Source Files</Filter>
    </ClCompile>
    <ClCompile Include="SSplitter.cpp">
      <Filter>Source Files</Filter>
    </ClCompile>
    <ClCompile Include="StereoView.cpp">
      <Filter>Source Files</Filter>
    </ClCompile>
    <ClCompile Include="InitSettingDlg.cpp">
      <Filter>Source Files</Filter>
    </ClCompile>
    <ClCompile Include="charaTrans.cpp">
      <Filter>Source Files</Filter>
    </ClCompile>
    <ClCompile Include="StereoViewDlg.cpp">
      <Filter>Source Files</Filter>
    </ClCompile>
    <ClCompile Include="AeriaGeoModel.cpp">
      <Filter>Source Files</Filter>
    </ClCompile>
    <ClCompile Include="point3.cpp">
      <Filter>Source Files</Filter>
    </ClCompile>
    <ClCompile Include="dpoint3.cpp">
      <Filter>Source Files</Filter>
    </ClCompile>
    <ClCompile Include="AerialPhotoRender.cpp">
      <Filter>Source Files</Filter>
    </ClCompile>
    <ClCompile Include="entity.cpp">
      <Filter>Source Files</Filter>
    </ClCompile>
    <ClCompile Include="polyline.cpp">
      <Filter>Source Files</Filter>
    </ClCompile>
    <ClCompile Include="arc.cpp">
      <Filter>Source Files</Filter>
    </ClCompile>
    <ClCompile Include="polygonBuilding.cpp">
      <Filter>Source Files</Filter>
    </ClCompile>
    <ClCompile Include="circle.cpp">
      <Filter>Source Files</Filter>
    </ClCompile>
    <ClCompile Include="childDialog.cpp">
      <Filter>Source Files</Filter>
    </ClCompile>
    <ClCompile Include="PixelViewerView.cpp">
      <Filter>Source Files</Filter>
    </ClCompile>
    <ClCompile Include="GeoImage.cpp">
      <Filter>Source Files</Filter>
    </ClCompile>
    <ClCompile Include="arcSing.cpp">
      <Filter>Source Files</Filter>
    </ClCompile>
    <ClCompile Include="circleSing.cpp">
      <Filter>Source Files</Filter>
    </ClCompile>
    <ClCompile Include="entitySing.cpp">
      <Filter>Source Files</Filter>
    </ClCompile>
    <ClCompile Include="polylineSing.cpp">
      <Filter>Source Files</Filter>
    </ClCompile>
    <ClCompile Include="singleImageView.cpp">
      <Filter>Source Files</Filter>
    </ClCompile>
    <ClCompile Include="polygon.cpp">
      <Filter>Source Files</Filter>
    </ClCompile>
    <ClCompile Include="polygonSing.cpp">
      <Filter>Source Files</Filter>
    </ClCompile>
  </ItemGroup>
  <ItemGroup>
    <ResourceCompile Include="StereoMapping.rc">
      <Filter>Resource Files</Filter>
    </ResourceCompile>
  </ItemGroup>
</Project>